{
  "name": "jsonpathkt",
  "version": "4.0.0-SNAPSHOT",
  "lockfileVersion": 3,
  "requires": true,
  "packages": {
    "": {
      "name": "jsonpathkt",
      "version": "4.0.0-SNAPSHOT",
      "workspaces": [
        "packages/jsonpathkt-jsonpath-benchmarks",
        "packages/jsonpathkt-jsonpath-benchmarks-test",
        "packages/jsonpathkt-jsonpath-core",
        "packages/jsonpathkt-jsonpath-core-test",
        "packages/jsonpathkt-jsonpath-kotlinx",
        "packages/jsonpathkt-jsonpath-kotlinx-test",
        "packages/jsonpathkt-jsonpath-test",
        "packages/jsonpathkt-jsonpath-test-test"
      ],
      "devDependencies": {}
    },
    "node_modules/jsonpathkt-jsonpath-benchmarks": {
      "resolved": "packages/jsonpathkt-jsonpath-benchmarks",
      "link": true
    },
    "node_modules/jsonpathkt-jsonpath-benchmarks-test": {
      "resolved": "packages/jsonpathkt-jsonpath-benchmarks-test",
      "link": true
    },
    "node_modules/jsonpathkt-jsonpath-core": {
      "resolved": "packages/jsonpathkt-jsonpath-core",
      "link": true
    },
    "node_modules/jsonpathkt-jsonpath-core-test": {
      "resolved": "packages/jsonpathkt-jsonpath-core-test",
      "link": true
    },
    "node_modules/jsonpathkt-jsonpath-kotlinx": {
      "resolved": "packages/jsonpathkt-jsonpath-kotlinx",
      "link": true
    },
    "node_modules/jsonpathkt-jsonpath-kotlinx-test": {
      "resolved": "packages/jsonpathkt-jsonpath-kotlinx-test",
      "link": true
    },
    "node_modules/jsonpathkt-jsonpath-test": {
      "resolved": "packages/jsonpathkt-jsonpath-test",
      "link": true
    },
    "node_modules/jsonpathkt-jsonpath-test-test": {
      "resolved": "packages/jsonpathkt-jsonpath-test-test",
      "link": true
    },
    "packages/jsonpathkt-jsonpath-benchmarks": {
      "version": "4.0.0-SNAPSHOT",
      "devDependencies": {}
    },
    "packages/jsonpathkt-jsonpath-benchmarks-test": {
      "version": "4.0.0-SNAPSHOT",
      "devDependencies": {}
    },
    "packages/jsonpathkt-jsonpath-core": {
      "version": "4.0.0-SNAPSHOT",
      "devDependencies": {}
    },
    "packages/jsonpathkt-jsonpath-core-test": {
      "version": "4.0.0-SNAPSHOT",
      "devDependencies": {}
    },
    "packages/jsonpathkt-jsonpath-kotlinx": {
      "version": "4.0.0-SNAPSHOT",
      "devDependencies": {}
    },
    "packages/jsonpathkt-jsonpath-kotlinx-test": {
      "version": "4.0.0-SNAPSHOT",
      "devDependencies": {}
    },
    "packages/jsonpathkt-jsonpath-test": {
      "version": "4.0.0-SNAPSHOT",
      "devDependencies": {}
    },
    "packages/jsonpathkt-jsonpath-test-test": {
      "version": "4.0.0-SNAPSHOT",
      "devDependencies": {}
    }
  }
}
